
Microsoft Visual Studio Solution File, Format Version 12.00
# Visual Studio Version 17
VisualStudioVersion = 17.6.33829.357
MinimumVisualStudioVersion = 10.0.40219.1
Project("{FAE04EC0-301F-11D3-BF4B-00C04F79EFBC}") = "TvShowTracker", "TvShowTracker\TvShowTracker.csproj", "{6E4A5CA1-3A35-42AC-99FB-266B00801C6E}"
EndProject
Global
	GlobalSection(SolutionConfigurationPlatforms) = preSolution
		Debug|Any CPU = Debug|Any CPU
		Release|Any CPU = Release|Any CPU
	EndGlobalSection
	GlobalSection(ProjectConfigurationPlatforms) = postSolution
		{6E4A5CA1-3A35-42AC-99FB-266B00801C6E}.Debug|Any CPU.ActiveCfg = Debug|Any CPU
		{6E4A5CA1-3A35-42AC-99FB-266B00801C6E}.Debug|Any CPU.Build.0 = Debug|Any CPU
		{6E4A5CA1-3A35-42AC-99FB-266B00801C6E}.Release|Any CPU.ActiveCfg = Release|Any CPU
		{6E4A5CA1-3A35-42AC-99FB-266B00801C6E}.Release|Any CPU.Build.0 = Release|Any CPU
	EndGlobalSection
	GlobalSection(SolutionProperties) = preSolution
		HideSolutionNode = FALSE
	EndGlobalSection
	GlobalSection(ExtensibilityGlobals) = postSolution
		SolutionGuid = {9117EC0C-E1B9-43A0-82C4-0F4365A6DD49}
	EndGlobalSection
EndGlobal
